// !$*UTF8*$!
{
	archiveVersion = 1;
	classes = {
	};
	objectVersion = 50;
	objects = {

/* Begin PBXBuildFile section */
		551704B2233BB71400DD1334 /* AppDelegate.swift in Sources */ = {isa = PBXBuildFile; fileRef = 551704B1233BB71400DD1334 /* AppDelegate.swift */; };
		551704B4233BB71400DD1334 /* SceneDelegate.swift in Sources */ = {isa = PBXBuildFile; fileRef = 551704B3233BB71400DD1334 /* SceneDelegate.swift */; };
		551704B8233BB71600DD1334 /* Assets.xcassets in Resources */ = {isa = PBXBuildFile; fileRef = 551704B7233BB71600DD1334 /* Assets.xcassets */; };
		551704BB233BB71600DD1334 /* Preview Assets.xcassets in Resources */ = {isa = PBXBuildFile; fileRef = 551704BA233BB71600DD1334 /* Preview Assets.xcassets */; };
		551704BE233BB71600DD1334 /* LaunchScreen.storyboard in Resources */ = {isa = PBXBuildFile; fileRef = 551704BC233BB71600DD1334 /* LaunchScreen.storyboard */; };
		551704C6233BB72B00DD1334 /* ViewController.swift in Sources */ = {isa = PBXBuildFile; fileRef = 551704C5233BB72B00DD1334 /* ViewController.swift */; };
/* End PBXBuildFile section */

/* Begin PBXFileReference section */
		551704AE233BB71400DD1334 /* StatusBarIssueIOS13.app */ = {isa = PBXFileReference; explicitFileType = wrapper.application; includeInIndex = 0; path = StatusBarIssueIOS13.app; sourceTree = BUILT_PRODUCTS_DIR; };
		551704B1233BB71400DD1334 /* AppDelegate.swift */ = {isa = PBXFileReference; lastKnownFileType = sourcecode.swift; path = AppDelegate.swift; sourceTree = "<group>"; };
		551704B3233BB71400DD1334 /* SceneDelegate.swift */ = {isa = PBXFileReference; lastKnownFileType = sourcecode.swift; path = SceneDelegate.swift; sourceTree = "<group>"; };
		551704B7233BB71600DD1334 /* Assets.xcassets */ = {isa = PBXFileReference; lastKnownFileType = folder.assetcatalog; path = Assets.xcassets; sourceTree = "<group>"; };
		551704BA233BB71600DD1334 /* Preview Assets.xcassets */ = {isa = PBXFileReference; lastKnownFileType = folder.assetcatalog; path = "Preview Assets.xcassets"; sourceTree = "<group>"; };
		551704BD233BB71600DD1334 /* Base */ = {isa = PBXFileReference; lastKnownFileType = file.storyboard; name = Base; path = Base.lproj/LaunchScreen.storyboard; sourceTree = "<group>"; };
		551704BF233BB71600DD1334 /* Info.plist */ = {isa = PBXFileReference; lastKnownFileType = text.plist.xml; path = Info.plist; sourceTree = "<group>"; };
		551704C5233BB72B00DD1334 /* ViewController.swift */ = {isa = PBXFileReference; lastKnownFileType = sourcecode.swift; path = ViewController.swift; sourceTree = "<group>"; };
/* End PBXFileReference section */

/* Begin PBXFrameworksBuildPhase section */
		551704AB233BB71400DD1334 /* Frameworks */ = {
			isa = PBXFrameworksBuildPhase;
			buildActionMask = 2147483647;
			files = (
			);
			runOnlyForDeploymentPostprocessing = 0;
		};
/* End PBXFrameworksBuildPhase section */

/* Begin PBXGroup section */
		551704A5233BB71400DD1334 = {
			isa = PBXGroup;
			children = (
				551704B0233BB71400DD1334 /* StatusBarIssueIOS13 */,
				551704AF233BB71400DD1334 /* Products */,
			);
			sourceTree = "<group>";
		};
		551704AF233BB71400DD1334 /* Products */ = {
			isa = PBXGroup;
			children = (
				551704AE233BB71400DD1334 /* StatusBarIssueIOS13.app */,
			);
			name = Products;
			sourceTree = "<group>";
		};
		551704B0233BB71400DD1334 /* StatusBarIssueIOS13 */ = {
			isa = PBXGroup;
			children = (
				551704B1233BB71400DD1334 /* AppDelegate.swift */,
				551704B3233BB71400DD1334 /* SceneDelegate.swift */,
				551704C5233BB72B00DD1334 /* ViewController.swift */,
				551704B7233BB71600DD1334 /* Assets.xcassets */,
				551704BC233BB71600DD1334 /* LaunchScreen.storyboard */,
				551704BF233BB71600DD1334 /* Info.plist */,
				551704B9233BB71600DD1334 /* Preview Content */,
			);
			path = StatusBarIssueIOS13;
			sourceTree = "<group>";
		};
		551704B9233BB71600DD1334 /* Preview Content */ = {
			isa = PBXGroup;
			children = (
				551704BA233BB71600DD1334 /* Preview Assets.xcassets */,
			);
			path = "Preview Content";
			sourceTree = "<group>";
		};
/* End PBXGroup section */

/* Begin PBXNativeTarget section */
		551704AD233BB71400DD1334 /* StatusBarIssueIOS13 */ = {
			isa = PBXNativeTarget;
			buildConfigurationList = 551704C2233BB71600DD1334 /* Build configuration list for PBXNativeTarget "StatusBarIssueIOS13" */;
			buildPhases = (
				551704AA233BB71400DD1334 /* Sources */,
				551704AB233BB71400DD1334 /* Frameworks */,
				551704AC233BB71400DD1334 /* Resources */,
			);
			buildRules = (
			);
			dependencies = (
			);
			name = StatusBarIssueIOS13;
			productName = StatusBarIssueIOS13;
			productReference = 551704AE233BB71400DD1334 /* StatusBarIssueIOS13.app */;
			productType = "com.apple.product-type.application";
		};
/* End PBXNativeTarget section */

/* Begin PBXProject section */
		551704A6233BB71400DD1334 /* Project object */ = {
			isa = PBXProject;
			attributes = {
				LastSwiftUpdateCheck = 1100;
				LastUpgradeCheck = 1100;
				ORGANIZATIONNAME = "High Tree Development";
				TargetAttributes = {
					551704AD233BB71400DD1334 = {
						CreatedOnToolsVersion = 11.0;
					};
				};
			};
			buildConfigurationList = 551704A9233BB71400DD1334 /* Build configuration list for PBXProject "StatusBarIssueIOS13" */;
			compatibilityVersion = "Xcode 9.3";
			developmentRegion = en;
			hasScannedForEncodings = 0;
			knownRegions = (
				en,
				Base,
			);
			mainGroup = 551704A5233BB71400DD1334;
			productRefGroup = 551704AF233BB71400DD1334 /* Products */;
			projectDirPath = "";
			projectRoot = "";
			targets = (
				551704AD233BB71400DD1334 /* StatusBarIssueIOS13 */,
			);
		};
/* End PBXProject section */

/* Begin PBXResourcesBuildPhase section */
		551704AC233BB71400DD1334 /* Resources */ = {
			isa = PBXResourcesBuildPhase;
			buildActionMask = 2147483647;
			files = (
				551704BE233BB71600DD1334 /* LaunchScreen.storyboard in Resources */,
				551704BB233BB71600DD1334 /* Preview Assets.xcassets in Resources */,
				551704B8233BB71600DD1334 /* Assets.xcassets in Resources */,
			);
			runOnlyForDeploymentPostprocessing = 0;
		};
/* End PBXResourcesBuildPhase section */

/* Begin PBXSourcesBuildPhase section */
		551704AA233BB71400DD1334 /* Sources */ = {
			isa = PBXSourcesBuildPhase;
			buildActionMask = 2147483647;
			files = (
				551704B2233BB71400DD1334 /* AppDelegate.swift in Sources */,
				551704B4233BB71400DD1334 /* SceneDelegate.swift in Sources */,
				551704C6233BB72B00DD1334 /* ViewController.swift in Sources */,
			);
			runOnlyForDeploymentPostprocessing = 0;
		};
/* End PBXSourcesBuildPhase section */

/* Begin PBXVariantGroup section */
		551704BC233BB71600DD1334 /* LaunchScreen.storyboard */ = {
			isa = PBXVariantGroup;
			children = (
				551704BD233BB71600DD1334 /* Base */,
			);
			name = LaunchScreen.storyboard;
			sourceTree = "<group>";
		};
/* End PBXVariantGroup section */

/* Begin XCBuildConfiguration section */
		551704C0233BB71600DD1334 /* Debug */ = {
			isa = XCBuildConfiguration;
			buildSettings = {
				ALWAYS_SEARCH_USER_PATHS = NO;
				CLANG_ANALYZER_NONNULL = YES;
				CLANG_ANALYZER_NUMBER_OBJECT_CONVERSION = YES_AGGRESSIVE;
				CLANG_CXX_LANGUAGE_STANDARD = "gnu++14";
				CLANG_CXX_LIBRARY = "libc++";
				CLANG_ENABLE_MODULES = YES;
				CLANG_ENABLE_OBJC_ARC = YES;
				CLANG_ENABLE_OBJC_WEAK = YES;
				CLANG_WARN_BLOCK_CAPTURE_AUTORELEASING = YES;
				CLANG_WARN_BOOL_CONVERSION = YES;
				CLANG_WARN_COMMA = YES;
				CLANG_WARN_CONSTANT_CONVERSION = YES;
				CLANG_WARN_DEPRECATED_OBJC_IMPLEMENTATIONS = YES;
				CLANG_WARN_DIRECT_OBJC_ISA_USAGE = YES_ERROR;
				CLANG_WARN_DOCUMENTATION_COMMENTS = YES;
				CLANG_WARN_EMPTY_BODY = YES;
				CLANG_WARN_ENUM_CONVERSION = YES;
				CLANG_WARN_INFINITE_RECURSION = YES;
				CLANG_WARN_INT_CONVERSION = YES;
				CLANG_WARN_NON_LITERAL_NULL_CONVERSION = YES;
				CLANG_WARN_OBJC_IMPLICIT_RETAIN_SELF = YES;
				CLANG_WARN_OBJC_LITERAL_CONVERSION = YES;
				CLANG_WARN_OBJC_ROOT_CLASS = YES_ERROR;
				CLANG_WARN_RANGE_LOOP_ANALYSIS = YES;
				CLANG_WARN_STRICT_PROTOTYPES = YES;
				CLANG_WARN_SUSPICIOUS_MOVE = YES;
				CLANG_WARN_UNGUARDED_AVAILABILITY = YES_AGGRESSIVE;
				CLANG_WARN_UNREACHABLE_CODE = YES;
				CLANG_WARN__DUPLICATE_METHOD_MATCH = YES;
				COPY_PHASE_STRIP = NO;
				DEBUG_INFORMATION_FORMAT = dwarf;
				ENABLE_STRICT_OBJC_MSGSEND = YES;
				ENABLE_TESTABILITY = YES;
				GCC_C_LANGUAGE_STANDARD = gnu11;
				GCC_DYNAMIC_NO_PIC = NO;
				GCC_NO_COMMON_BLOCKS = YES;
				GCC_OPTIMIZATION_LEVEL = 0;
				GCC_PREPROCESSOR_DEFINITIONS = (
					"DEBUG=1",
					"$(inherited)",
				);
				GCC_WARN_64_TO_32_BIT_CONVERSION = YES;
				GCC_WARN_ABOUT_RETURN_TYPE = YES_ERROR;
				GCC_WARN_UNDECLARED_SELECTOR = YES;
				GCC_WARN_UNINITIALIZED_AUTOS = YES_AGGRESSIVE;
				GCC_WARN_UNUSED_FUNCTION = YES;
				GCC_WARN_UNUSED_VARIABLE = YES;
				IPHONEOS_DEPLOYMENT_TARGET = 13.0;
				MTL_ENABLE_DEBUG_INFO = INCLUDE_SOURCE;
				MTL_FAST_MATH = YES;
				ONLY_ACTIVE_ARCH = YES;
				SDKROOT = iphoneos;
				SWIFT_ACTIVE_COMPILATION_CONDITIONS = DEBUG;
				SWIFT_OPTIMIZATION_LEVEL = "-Onone";
			};
			name = Debug;
		};
		551704C1233BB71600DD1334 /* Release */ = {
			isa = XCBuildConfiguration;
			buildSettings = {
				ALWAYS_SEARCH_USER_PATHS = NO;
				CLANG_ANALYZER_NONNULL = YES;
				CLANG_ANALYZER_NUMBER_OBJECT_CONVERSION = YES_AGGRESSIVE;
				CLANG_CXX_LANGUAGE_STANDARD = "gnu++14";
				CLANG_CXX_LIBRARY = "libc++";
				CLANG_ENABLE_MODULES = YES;
				CLANG_ENABLE_OBJC_ARC = YES;
				CLANG_ENABLE_OBJC_WEAK = YES;
				CLANG_WARN_BLOCK_CAPTURE_AUTORELEASING = YES;
				CLANG_WARN_BOOL_CONVERSION = YES;
				CLANG_WARN_COMMA = YES;
				CLANG_WARN_CONSTANT_CONVERSION = YES;
				CLANG_WARN_DEPRECATED_OBJC_IMPLEMENTATIONS = YES;
				CLANG_WARN_DIRECT_OBJC_ISA_USAGE = YES_ERROR;
				CLANG_WARN_DOCUMENTATION_COMMENTS = YES;
				CLANG_WARN_EMPTY_BODY = YES;
				CLANG_WARN_ENUM_CONVERSION = YES;
				CLANG_WARN_INFINITE_RECURSION = YES;
				CLANG_WARN_INT_CONVERSION = YES;
				CLANG_WARN_NON_LITERAL_NULL_CONVERSION = YES;
				CLANG_WARN_OBJC_IMPLICIT_RETAIN_SELF = YES;
				CLANG_WARN_OBJC_LITERAL_CONVERSION = YES;
				CLANG_WARN_OBJC_ROOT_CLASS = YES_ERROR;
				CLANG_WARN_RANGE_LOOP_ANALYSIS = YES;
				CLANG_WARN_STRICT_PROTOTYPES = YES;
				CLANG_WARN_SUSPICIOUS_MOVE = YES;
				CLANG_WARN_UNGUARDED_AVAILABILITY = YES_AGGRESSIVE;
				CLANG_WARN_UNREACHABLE_CODE = YES;
				CLANG_WARN__DUPLICATE_METHOD_MATCH = YES;
				COPY_PHASE_STRIP = NO;
				DEBUG_INFORMATION_FORMAT = "dwarf-with-dsym";
				ENABLE_NS_ASSERTIONS = NO;
				ENABLE_STRICT_OBJC_MSGSEND = YES;
				GCC_C_LANGUAGE_STANDARD = gnu11;
				GCC_NO_COMMON_BLOCKS = YES;
				GCC_WARN_64_TO_32_BIT_CONVERSION = YES;
				GCC_WARN_ABOUT_RETURN_TYPE = YES_ERROR;
				GCC_WARN_UNDECLARED_SELECTOR = YES;
				GCC_WARN_UNINITIALIZED_AUTOS = YES_AGGRESSIVE;
				GCC_WARN_UNUSED_FUNCTION = YES;
				GCC_WARN_UNUSED_VARIABLE = YES;
				IPHONEOS_DEPLOYMENT_TARGET = 13.0;
				MTL_ENABLE_DEBUG_INFO = NO;
				MTL_FAST_MATH = YES;
				SDKROOT = iphoneos;
				SWIFT_COMPILATION_MODE = wholemodule;
				SWIFT_OPTIMIZATION_LEVEL = "-O";
				VALIDATE_PRODUCT = YES;
			};
			name = Release;
		};
		551704C3233BB71600DD1334 /* Debug */ = {
			isa = XCBuildConfiguration;
			buildSettings = {
				ASSETCATALOG_COMPILER_APPICON_NAME = AppIcon;
				CODE_SIGN_STYLE = Automatic;
				DEVELOPMENT_ASSET_PATHS = "\"StatusBarIssueIOS13/Preview Content\"";
				DEVELOPMENT_TEAM = D3D7B5BPEZ;
				ENABLE_PREVIEWS = YES;
				INFOPLIST_FILE = StatusBarIssueIOS13/Info.plist;
				LD_RUNPATH_SEARCH_PATHS = (
					"$(inherited)",
					"@executable_path/Frameworks",
				);
				PRODUCT_BUNDLE_IDENTIFIER = com.HighTreeDevelopment.StatusBarIssueIOS13;
				PRODUCT_NAME = "$(TARGET_NAME)";
				SWIFT_VERSION = 5.0;
				TARGETED_DEVICE_FAMILY = "1,2";
			};
			name = Debug;
		};
		551704C4233BB71600DD1334 /* Release */ = {
			isa = XCBuildConfiguration;
			buildSettings = {
				ASSETCATALOG_COMPILER_APPICON_NAME = AppIcon;
				CODE_SIGN_STYLE = Automatic;
				DEVELOPMENT_ASSET_PATHS = "\"StatusBarIssueIOS13/Preview Content\"";
				DEVELOPMENT_TEAM = D3D7B5BPEZ;
				ENABLE_PREVIEWS = YES;
				INFOPLIST_FILE = StatusBarIssueIOS13/Info.plist;
				LD_RUNPATH_SEARCH_PATHS = (
					"$(inherited)",
					"@executable_path/Frameworks",
				);
				PRODUCT_BUNDLE_IDENTIFIER = com.HighTreeDevelopment.StatusBarIssueIOS13;
				PRODUCT_NAME = "$(TARGET_NAME)";
				SWIFT_VERSION = 5.0;
				TARGETED_DEVICE_FAMILY = "1,2";
			};
			name = Release;
		};
/* End XCBuildConfiguration section */

/* Begin XCConfigurationList section */
		551704A9233BB71400DD1334 /* Build configuration list for PBXProject "StatusBarIssueIOS13" */ = {
			isa = XCConfigurationList;
			buildConfigurations = (
				551704C0233BB71600DD1334 /* Debug */,
				551704C1233BB71600DD1334 /* Release */,
			);
			defaultConfigurationIsVisible = 0;
			defaultConfigurationName = Release;
		};
		551704C2233BB71600DD1334 /* Build configuration list for PBXNativeTarget "StatusBarIssueIOS13" */ = {
			isa = XCConfigurationList;
			buildConfigurations = (
				551704C3233BB71600DD1334 /* Debug */,
				551704C4233BB71600DD1334 /* Release */,
			);
			defaultConfigurationIsVisible = 0;
			defaultConfigurationName = Release;
		};
/* End XCConfigurationList section */
	};
	rootObject = 551704A6233BB71400DD1334 /* Project object */;
}
